
Microsoft Visual Studio Solution File, Format Version 12.00
# Visual Studio 15
VisualStudioVersion = 15.0.28307.757
MinimumVisualStudioVersion = 10.0.40219.1
Project("{2150E333-8FDC-42A3-9474-1A3956D46DE8}") = "02-CSharpTool", "02-CSharpTool", "{37CE5D0E-7666-409A-8342-7634CADC3570}"
EndProject
Project("{2150E333-8FDC-42A3-9474-1A3956D46DE8}") = "01-Src", "01-Src", "{3FDB3E18-D8E8-4B6C-9611-C7A47CE5E321}"
EndProject
Project("{2150E333-8FDC-42A3-9474-1A3956D46DE8}") = ".nuget", ".nuget", "{56C21C60-765D-4C95-AC54-3A2BDC4DD1B5}"
	ProjectSection(SolutionItems) = preProject
		.nuget\packages.config = .nuget\packages.config
	EndProjectSection
EndProject
Project("{2150E333-8FDC-42A3-9474-1A3956D46DE8}") = "SocketNet", "SocketNet", "{CA3D86CB-C97F-4AD1-AAF1-C3A4E009019E}"
EndProject
Project("{2150E333-8FDC-42A3-9474-1A3956D46DE8}") = "DataBase", "DataBase", "{69A9CFD3-DABA-45D6-8EAD-9E829279B27D}"
EndProject
Project("{2150E333-8FDC-42A3-9474-1A3956D46DE8}") = "03-Business", "03-Business", "{FBA827F4-7E04-40C2-B8D1-2D7964D2D5EE}"
EndProject
Project("{FAE04EC0-301F-11D3-BF4B-00C04F79EFBC}") = "UDPBroadcast", "02-CSharpTool\UDPBroadcast\UDPBroadcast.csproj", "{CE076574-C0C5-41D8-9A18-9BC80FD28066}"
EndProject
Project("{FAE04EC0-301F-11D3-BF4B-00C04F79EFBC}") = "ConnectionPool", "02-CSharpTool\ConnectionPool\ConnectionPool.csproj", "{513A762A-1897-4714-B748-BCFC7992B4F2}"
EndProject
Project("{FAE04EC0-301F-11D3-BF4B-00C04F79EFBC}") = "CodeBuilder", "02-CSharpTool\CodeBuilder\CodeBuilder.csproj", "{B401050D-E69B-4E66-BA5B-91FB5A946784}"
EndProject
Project("{FAE04EC0-301F-11D3-BF4B-00C04F79EFBC}") = "SkeFramework.NetConnectionPool", "01-Src\SkeFramework.NetConnectionPool\SkeFramework.NetConnectionPool.csproj", "{885028E7-B037-4408-9959-978639BBB00E}"
EndProject
Project("{FAE04EC0-301F-11D3-BF4B-00C04F79EFBC}") = "SkeFramework.DataBase.Interfaces", "01-Src\SkeFramework.DataBase.Interfaces\SkeFramework.DataBase.Interfaces.csproj", "{668B3C84-53BA-44BC-B3E5-59F0C4D248DD}"
EndProject
Project("{FAE04EC0-301F-11D3-BF4B-00C04F79EFBC}") = "SkeFramework.DataBase.DataAccess", "01-Src\SkeFramework.DataBase.DataAccess\SkeFramework.DataBase.DataAccess.csproj", "{2811AF18-014F-4D3A-AA91-6AFB13F53A9A}"
EndProject
Project("{FAE04EC0-301F-11D3-BF4B-00C04F79EFBC}") = "SkeFramework.DataBase.Common", "01-Src\SkeFramework.DataBase.Common\SkeFramework.DataBase.Common.csproj", "{43DFA23C-87AE-49CD-868A-801EAD42BE74}"
EndProject
Project("{2150E333-8FDC-42A3-9474-1A3956D46DE8}") = "Winform", "Winform", "{A502E803-43F9-4B23-BEA9-E469299458E2}"
EndProject
Project("{FAE04EC0-301F-11D3-BF4B-00C04F79EFBC}") = "SkeFramework.Winform.AutoUpdates", "01-Src\SkeFramework.Winform.AutoUpdates\SkeFramework.Winform.AutoUpdates.csproj", "{A214B1AC-A8FF-4CF1-B951-329557BCA980}"
EndProject
Project("{2150E333-8FDC-42A3-9474-1A3956D46DE8}") = "DataBase", "DataBase", "{C989496A-C32F-45D0-A161-5AFAA1A3356B}"
EndProject
Project("{2150E333-8FDC-42A3-9474-1A3956D46DE8}") = "Winform", "Winform", "{31F2D606-323E-43A8-B95F-A7B346B64D02}"
EndProject
Project("{FAE04EC0-301F-11D3-BF4B-00C04F79EFBC}") = "SkeFramework.Winform.AutoUpdates.CreateXmlTools", "02-CSharpTool\SkeFramework.Winform.AutoUpdates.CreateXmlTools\SkeFramework.Winform.AutoUpdates.CreateXmlTools.csproj", "{03E612BB-E63C-4BC8-9F3F-4C79F4449725}"
EndProject
Project("{2150E333-8FDC-42A3-9474-1A3956D46DE8}") = "04-Test", "04-Test", "{BBE84A1F-E378-4E7F-8538-6BF773A49DE5}"
EndProject
Project("{FAE04EC0-301F-11D3-BF4B-00C04F79EFBC}") = "SkeFramework.Winform.AutoUpdates.Test", "04-Test\SkeFramework.Winform.AutoUpdates.Test\SkeFramework.Winform.AutoUpdates.Test.csproj", "{C6DB1280-DAE1-4A06-8941-CF58D6983D23}"
EndProject
Project("{2150E333-8FDC-42A3-9474-1A3956D46DE8}") = "Cache", "Cache", "{D3E344FB-8174-4889-9BAA-18529C6D0486}"
EndProject
Project("{FAE04EC0-301F-11D3-BF4B-00C04F79EFBC}") = "SkeFramework.Cache.Redis", "01-Src\SkeFramework.Cache.Redis\SkeFramework.Cache.Redis.csproj", "{67C77F24-8244-4903-8CC5-01549E12DFBF}"
EndProject
Project("{2150E333-8FDC-42A3-9474-1A3956D46DE8}") = "Core", "Core", "{74CF6593-2629-4303-A881-03D61B249176}"
EndProject
Project("{FAE04EC0-301F-11D3-BF4B-00C04F79EFBC}") = "SkeFramework.Core.IO", "01-Src\SkeFramework.Core.IO\SkeFramework.Core.IO.csproj", "{AFA3B34A-0A72-4049-BAFA-B784FB722839}"
EndProject
Project("{FAE04EC0-301F-11D3-BF4B-00C04F79EFBC}") = "SkeFramework.Core.Network", "01-Src\SkeFramework.Core.Network\SkeFramework.Core.Network.csproj", "{F30C0CC5-B760-4EE0-9603-FCE8FF5206BC}"
EndProject
Project("{2150E333-8FDC-42A3-9474-1A3956D46DE8}") = "Push", "Push", "{20F0A03B-1D39-4EC5-8BF9-B5D11FC95939}"
EndProject
Project("{FAE04EC0-301F-11D3-BF4B-00C04F79EFBC}") = "SkeFramework.Core.Push", "01-Src\SkeFramework.Core.Push\SkeFramework.Core.Push.csproj", "{FDE47477-16B9-49C6-8D4F-8918D8BFA7B0}"
EndProject
Project("{2150E333-8FDC-42A3-9474-1A3956D46DE8}") = "MicrosServices", "MicrosServices", "{2C275C9C-3596-45BC-8D0C-C97D69403791}"
EndProject
Project("{9A19103F-16F7-4668-BE54-9A1E7A4F7556}") = "MicrosServices.APIGateway", "03-Business\MicrosServices.APIGateway\MicrosServices.APIGateway.csproj", "{B5F7C518-EF35-40F5-82BF-22DB4ACC9E9D}"
EndProject
Project("{FAE04EC0-301F-11D3-BF4B-00C04F79EFBC}") = "SkeFramework.Core.Common", "01-Src\SkeFramework.Core.Common\SkeFramework.Core.Common.csproj", "{37DE7F92-5446-4200-87A6-43C36D1C1650}"
EndProject
Project("{2150E333-8FDC-42A3-9474-1A3956D46DE8}") = "MicroService", "MicroService", "{264F6C9C-546B-4D21-829A-D818658D7D52}"
EndProject
Project("{9A19103F-16F7-4668-BE54-9A1E7A4F7556}") = "SkeFramework.MicroService.ClientServices", "01-Src\SkeFramework.MicroService.ClientServices\SkeFramework.MicroService.ClientServices.csproj", "{99EDF6EA-0FC6-4189-9125-F41B45012AF3}"
EndProject
Project("{2150E333-8FDC-42A3-9474-1A3956D46DE8}") = "Socket", "Socket", "{02BB5DE6-1886-429B-87C4-EBACDAE1D1A1}"
EndProject
Project("{FAE04EC0-301F-11D3-BF4B-00C04F79EFBC}") = "SkeFramework.NetSocket", "01-Src\SkeFramework.NetSocket\SkeFramework.NetSocket.csproj", "{E8FDA6EC-46BF-4915-8BBE-DE8EF38B11F0}"
EndProject
Project("{FAE04EC0-301F-11D3-BF4B-00C04F79EFBC}") = "SkeFramework.Core.SnowFlake", "01-Src\SkeFramework.Core.SnowFlake\SkeFramework.Core.SnowFlake.csproj", "{59B48553-2829-4BB0-83AA-860C8EDC9F68}"
EndProject
Project("{2150E333-8FDC-42A3-9474-1A3956D46DE8}") = "01-Entities", "01-Entities", "{B4016C34-1643-46EE-A87F-ABF084303EAF}"
EndProject
Project("{2150E333-8FDC-42A3-9474-1A3956D46DE8}") = "02-DAL", "02-DAL", "{8671DE05-A89C-44CF-B606-5B319430F0E8}"
EndProject
Project("{2150E333-8FDC-42A3-9474-1A3956D46DE8}") = "03-BLL", "03-BLL", "{FCE1C130-82BB-4D49-9EAB-516B2FC5497D}"
EndProject
Project("{2150E333-8FDC-42A3-9474-1A3956D46DE8}") = "04-Helper", "04-Helper", "{4F701287-4B9A-4720-B577-29ECBFFB3E8A}"
EndProject
Project("{FAE04EC0-301F-11D3-BF4B-00C04F79EFBC}") = "MicrosServices.Entities", "03-Business\MicrosServices.Entities\MicrosServices.Entities.csproj", "{F26359E9-2013-44D7-8569-E5533DEC9BA4}"
EndProject
Project("{FAE04EC0-301F-11D3-BF4B-00C04F79EFBC}") = "MicrosServices.DAL.DataAccess", "03-Business\MicrosServices.DAL.DataAccess\MicrosServices.DAL.DataAccess.csproj", "{385C7F8E-7318-4CB8-9DF6-B61D49805C4E}"
EndProject
Project("{FAE04EC0-301F-11D3-BF4B-00C04F79EFBC}") = "MicrosServices.BLL.Business", "03-Business\MicrosServices.BLL.Business\MicrosServices.BLL.Business.csproj", "{00BAAA1A-D082-4822-981C-D8AD6E8EEB59}"
EndProject
Project("{9A19103F-16F7-4668-BE54-9A1E7A4F7556}") = "MicrosServices.API.PermissionSystem", "03-Business\MicrosServices.API.PermissionSystem\MicrosServices.API.PermissionSystem.csproj", "{3606B8D8-0FBA-43F4-9227-01E60D2F6747}"
EndProject
Project("{FAE04EC0-301F-11D3-BF4B-00C04F79EFBC}") = "SkeFramework.NetSerialPort", "01-Src\SkeFramework.NetSerialPort\SkeFramework.NetSerialPort.csproj", "{86B650E5-6D4C-4B35-8687-4C4C268BE55C}"
EndProject
Project("{9A19103F-16F7-4668-BE54-9A1E7A4F7556}") = "SkeFramework.Core.ApiCommons", "01-Src\SkeFramework.Core.ApiCommons\SkeFramework.Core.ApiCommons.csproj", "{1BB3FD10-9F42-4F1D-889A-79FB82F5FDBB}"
EndProject
Project("{FAE04EC0-301F-11D3-BF4B-00C04F79EFBC}") = "MicrosServices.Helper.Core", "03-Business\MicrosServices.Helper.Core\MicrosServices.Helper.Core.csproj", "{2AC71E45-3249-48C3-AE3B-F303EB899675}"
EndProject
Project("{2150E333-8FDC-42A3-9474-1A3956D46DE8}") = "06-UI", "06-UI", "{EDE3C2EA-9294-4D45-A4C1-B8F595C9ACB4}"
EndProject
Project("{FAE04EC0-301F-11D3-BF4B-00C04F79EFBC}") = "PermissionSystem.UI.WebSites", "03-Business\PermissionSystem.UI.WebSites\PermissionSystem.UI.WebSites.csproj", "{B6D836CE-9743-4AFA-967A-B83B0269B806}"
EndProject
Project("{9A19103F-16F7-4668-BE54-9A1E7A4F7556}") = "MicrosServices.API.UserCenter", "03-Business\MicrosServices.API.UserCenter\MicrosServices.API.UserCenter.csproj", "{A617EEA8-1C6C-4D42-ACE2-C720A8628E7C}"
EndProject
Project("{FAE04EC0-301F-11D3-BF4B-00C04F79EFBC}") = "SkeFramework.Core.Encrypts", "01-Src\SkeFramework.Core.Encrypts\SkeFramework.Core.Encrypts.csproj", "{C76B3DB1-CDF9-4CF9-A445-BB272279B0F1}"
EndProject
Project("{2150E333-8FDC-42A3-9474-1A3956D46DE8}") = "05-SDK", "05-SDK", "{C7C67878-EE19-4954-B2B8-1A1CC69C1B0A}"
EndProject
Project("{FAE04EC0-301F-11D3-BF4B-00C04F79EFBC}") = "MicrosServices.SDK.UserCenter", "03-Business\MicrosServices.SDK.UserCenter\MicrosServices.SDK.UserCenter.csproj", "{3F3F0673-39D0-4356-8744-936A07A05844}"
EndProject
Project("{FAE04EC0-301F-11D3-BF4B-00C04F79EFBC}") = "SkeFramework.NetProtocol", "01-Src\SkeFramework.NetProtocol\SkeFramework.NetProtocol.csproj", "{586DF167-47B7-40CC-A133-74A74C2533E8}"
EndProject
Global
	GlobalSection(SolutionConfigurationPlatforms) = preSolution
		Debug|Any CPU = Debug|Any CPU
		Release|Any CPU = Release|Any CPU
	EndGlobalSection
	GlobalSection(ProjectConfigurationPlatforms) = postSolution
		{CE076574-C0C5-41D8-9A18-9BC80FD28066}.Debug|Any CPU.ActiveCfg = Debug|Any CPU
		{CE076574-C0C5-41D8-9A18-9BC80FD28066}.Debug|Any CPU.Build.0 = Debug|Any CPU
		{CE076574-C0C5-41D8-9A18-9BC80FD28066}.Release|Any CPU.ActiveCfg = Release|Any CPU
		{CE076574-C0C5-41D8-9A18-9BC80FD28066}.Release|Any CPU.Build.0 = Release|Any CPU
		{513A762A-1897-4714-B748-BCFC7992B4F2}.Debug|Any CPU.ActiveCfg = Debug|Any CPU
		{513A762A-1897-4714-B748-BCFC7992B4F2}.Debug|Any CPU.Build.0 = Debug|Any CPU
		{513A762A-1897-4714-B748-BCFC7992B4F2}.Release|Any CPU.ActiveCfg = Release|Any CPU
		{513A762A-1897-4714-B748-BCFC7992B4F2}.Release|Any CPU.Build.0 = Release|Any CPU
		{B401050D-E69B-4E66-BA5B-91FB5A946784}.Debug|Any CPU.ActiveCfg = Release|Any CPU
		{B401050D-E69B-4E66-BA5B-91FB5A946784}.Debug|Any CPU.Build.0 = Release|Any CPU
		{B401050D-E69B-4E66-BA5B-91FB5A946784}.Release|Any CPU.ActiveCfg = Release|Any CPU
		{B401050D-E69B-4E66-BA5B-91FB5A946784}.Release|Any CPU.Build.0 = Release|Any CPU
		{885028E7-B037-4408-9959-978639BBB00E}.Debug|Any CPU.ActiveCfg = Debug|Any CPU
		{885028E7-B037-4408-9959-978639BBB00E}.Debug|Any CPU.Build.0 = Debug|Any CPU
		{885028E7-B037-4408-9959-978639BBB00E}.Release|Any CPU.ActiveCfg = Release|Any CPU
		{885028E7-B037-4408-9959-978639BBB00E}.Release|Any CPU.Build.0 = Release|Any CPU
		{668B3C84-53BA-44BC-B3E5-59F0C4D248DD}.Debug|Any CPU.ActiveCfg = Debug|Any CPU
		{668B3C84-53BA-44BC-B3E5-59F0C4D248DD}.Debug|Any CPU.Build.0 = Debug|Any CPU
		{668B3C84-53BA-44BC-B3E5-59F0C4D248DD}.Release|Any CPU.ActiveCfg = Release|Any CPU
		{668B3C84-53BA-44BC-B3E5-59F0C4D248DD}.Release|Any CPU.Build.0 = Release|Any CPU
		{2811AF18-014F-4D3A-AA91-6AFB13F53A9A}.Debug|Any CPU.ActiveCfg = Debug|Any CPU
		{2811AF18-014F-4D3A-AA91-6AFB13F53A9A}.Debug|Any CPU.Build.0 = Debug|Any CPU
		{2811AF18-014F-4D3A-AA91-6AFB13F53A9A}.Release|Any CPU.ActiveCfg = Release|Any CPU
		{2811AF18-014F-4D3A-AA91-6AFB13F53A9A}.Release|Any CPU.Build.0 = Release|Any CPU
		{43DFA23C-87AE-49CD-868A-801EAD42BE74}.Debug|Any CPU.ActiveCfg = Debug|Any CPU
		{43DFA23C-87AE-49CD-868A-801EAD42BE74}.Debug|Any CPU.Build.0 = Debug|Any CPU
		{43DFA23C-87AE-49CD-868A-801EAD42BE74}.Release|Any CPU.ActiveCfg = Release|Any CPU
		{43DFA23C-87AE-49CD-868A-801EAD42BE74}.Release|Any CPU.Build.0 = Release|Any CPU
		{A214B1AC-A8FF-4CF1-B951-329557BCA980}.Debug|Any CPU.ActiveCfg = Debug|Any CPU
		{A214B1AC-A8FF-4CF1-B951-329557BCA980}.Debug|Any CPU.Build.0 = Debug|Any CPU
		{A214B1AC-A8FF-4CF1-B951-329557BCA980}.Release|Any CPU.ActiveCfg = Release|Any CPU
		{A214B1AC-A8FF-4CF1-B951-329557BCA980}.Release|Any CPU.Build.0 = Release|Any CPU
		{03E612BB-E63C-4BC8-9F3F-4C79F4449725}.Debug|Any CPU.ActiveCfg = Debug|Any CPU
		{03E612BB-E63C-4BC8-9F3F-4C79F4449725}.Debug|Any CPU.Build.0 = Debug|Any CPU
		{03E612BB-E63C-4BC8-9F3F-4C79F4449725}.Release|Any CPU.ActiveCfg = Release|Any CPU
		{03E612BB-E63C-4BC8-9F3F-4C79F4449725}.Release|Any CPU.Build.0 = Release|Any CPU
		{C6DB1280-DAE1-4A06-8941-CF58D6983D23}.Debug|Any CPU.ActiveCfg = Debug|Any CPU
		{C6DB1280-DAE1-4A06-8941-CF58D6983D23}.Debug|Any CPU.Build.0 = Debug|Any CPU
		{C6DB1280-DAE1-4A06-8941-CF58D6983D23}.Release|Any CPU.ActiveCfg = Release|Any CPU
		{C6DB1280-DAE1-4A06-8941-CF58D6983D23}.Release|Any CPU.Build.0 = Release|Any CPU
		{67C77F24-8244-4903-8CC5-01549E12DFBF}.Debug|Any CPU.ActiveCfg = Debug|Any CPU
		{67C77F24-8244-4903-8CC5-01549E12DFBF}.Debug|Any CPU.Build.0 = Debug|Any CPU
		{67C77F24-8244-4903-8CC5-01549E12DFBF}.Release|Any CPU.ActiveCfg = Release|Any CPU
		{67C77F24-8244-4903-8CC5-01549E12DFBF}.Release|Any CPU.Build.0 = Release|Any CPU
		{AFA3B34A-0A72-4049-BAFA-B784FB722839}.Debug|Any CPU.ActiveCfg = Debug|Any CPU
		{AFA3B34A-0A72-4049-BAFA-B784FB722839}.Debug|Any CPU.Build.0 = Debug|Any CPU
		{AFA3B34A-0A72-4049-BAFA-B784FB722839}.Release|Any CPU.ActiveCfg = Release|Any CPU
		{AFA3B34A-0A72-4049-BAFA-B784FB722839}.Release|Any CPU.Build.0 = Release|Any CPU
		{F30C0CC5-B760-4EE0-9603-FCE8FF5206BC}.Debug|Any CPU.ActiveCfg = Debug|Any CPU
		{F30C0CC5-B760-4EE0-9603-FCE8FF5206BC}.Debug|Any CPU.Build.0 = Debug|Any CPU
		{F30C0CC5-B760-4EE0-9603-FCE8FF5206BC}.Release|Any CPU.ActiveCfg = Release|Any CPU
		{F30C0CC5-B760-4EE0-9603-FCE8FF5206BC}.Release|Any CPU.Build.0 = Release|Any CPU
		{FDE47477-16B9-49C6-8D4F-8918D8BFA7B0}.Debug|Any CPU.ActiveCfg = Debug|Any CPU
		{FDE47477-16B9-49C6-8D4F-8918D8BFA7B0}.Debug|Any CPU.Build.0 = Debug|Any CPU
		{FDE47477-16B9-49C6-8D4F-8918D8BFA7B0}.Release|Any CPU.ActiveCfg = Release|Any CPU
		{FDE47477-16B9-49C6-8D4F-8918D8BFA7B0}.Release|Any CPU.Build.0 = Release|Any CPU
		{B5F7C518-EF35-40F5-82BF-22DB4ACC9E9D}.Debug|Any CPU.ActiveCfg = Debug|Any CPU
		{B5F7C518-EF35-40F5-82BF-22DB4ACC9E9D}.Debug|Any CPU.Build.0 = Debug|Any CPU
		{B5F7C518-EF35-40F5-82BF-22DB4ACC9E9D}.Release|Any CPU.ActiveCfg = Release|Any CPU
		{B5F7C518-EF35-40F5-82BF-22DB4ACC9E9D}.Release|Any CPU.Build.0 = Release|Any CPU
		{37DE7F92-5446-4200-87A6-43C36D1C1650}.Debug|Any CPU.ActiveCfg = Debug|Any CPU
		{37DE7F92-5446-4200-87A6-43C36D1C1650}.Debug|Any CPU.Build.0 = Debug|Any CPU
		{37DE7F92-5446-4200-87A6-43C36D1C1650}.Release|Any CPU.ActiveCfg = Release|Any CPU
		{37DE7F92-5446-4200-87A6-43C36D1C1650}.Release|Any CPU.Build.0 = Release|Any CPU
		{99EDF6EA-0FC6-4189-9125-F41B45012AF3}.Debug|Any CPU.ActiveCfg = Debug|Any CPU
		{99EDF6EA-0FC6-4189-9125-F41B45012AF3}.Debug|Any CPU.Build.0 = Debug|Any CPU
		{99EDF6EA-0FC6-4189-9125-F41B45012AF3}.Release|Any CPU.ActiveCfg = Release|Any CPU
		{99EDF6EA-0FC6-4189-9125-F41B45012AF3}.Release|Any CPU.Build.0 = Release|Any CPU
		{E8FDA6EC-46BF-4915-8BBE-DE8EF38B11F0}.Debug|Any CPU.ActiveCfg = Debug|Any CPU
		{E8FDA6EC-46BF-4915-8BBE-DE8EF38B11F0}.Debug|Any CPU.Build.0 = Debug|Any CPU
		{E8FDA6EC-46BF-4915-8BBE-DE8EF38B11F0}.Release|Any CPU.ActiveCfg = Release|Any CPU
		{E8FDA6EC-46BF-4915-8BBE-DE8EF38B11F0}.Release|Any CPU.Build.0 = Release|Any CPU
		{59B48553-2829-4BB0-83AA-860C8EDC9F68}.Debug|Any CPU.ActiveCfg = Debug|Any CPU
		{59B48553-2829-4BB0-83AA-860C8EDC9F68}.Debug|Any CPU.Build.0 = Debug|Any CPU
		{59B48553-2829-4BB0-83AA-860C8EDC9F68}.Release|Any CPU.ActiveCfg = Release|Any CPU
		{59B48553-2829-4BB0-83AA-860C8EDC9F68}.Release|Any CPU.Build.0 = Release|Any CPU
		{F26359E9-2013-44D7-8569-E5533DEC9BA4}.Debug|Any CPU.ActiveCfg = Debug|Any CPU
		{F26359E9-2013-44D7-8569-E5533DEC9BA4}.Debug|Any CPU.Build.0 = Debug|Any CPU
		{F26359E9-2013-44D7-8569-E5533DEC9BA4}.Release|Any CPU.ActiveCfg = Release|Any CPU
		{F26359E9-2013-44D7-8569-E5533DEC9BA4}.Release|Any CPU.Build.0 = Release|Any CPU
		{385C7F8E-7318-4CB8-9DF6-B61D49805C4E}.Debug|Any CPU.ActiveCfg = Debug|Any CPU
		{385C7F8E-7318-4CB8-9DF6-B61D49805C4E}.Debug|Any CPU.Build.0 = Debug|Any CPU
		{385C7F8E-7318-4CB8-9DF6-B61D49805C4E}.Release|Any CPU.ActiveCfg = Release|Any CPU
		{385C7F8E-7318-4CB8-9DF6-B61D49805C4E}.Release|Any CPU.Build.0 = Release|Any CPU
		{00BAAA1A-D082-4822-981C-D8AD6E8EEB59}.Debug|Any CPU.ActiveCfg = Debug|Any CPU
		{00BAAA1A-D082-4822-981C-D8AD6E8EEB59}.Debug|Any CPU.Build.0 = Debug|Any CPU
		{00BAAA1A-D082-4822-981C-D8AD6E8EEB59}.Release|Any CPU.ActiveCfg = Release|Any CPU
		{00BAAA1A-D082-4822-981C-D8AD6E8EEB59}.Release|Any CPU.Build.0 = Release|Any CPU
		{3606B8D8-0FBA-43F4-9227-01E60D2F6747}.Debug|Any CPU.ActiveCfg = Debug|Any CPU
		{3606B8D8-0FBA-43F4-9227-01E60D2F6747}.Debug|Any CPU.Build.0 = Debug|Any CPU
		{3606B8D8-0FBA-43F4-9227-01E60D2F6747}.Release|Any CPU.ActiveCfg = Release|Any CPU
		{3606B8D8-0FBA-43F4-9227-01E60D2F6747}.Release|Any CPU.Build.0 = Release|Any CPU
		{86B650E5-6D4C-4B35-8687-4C4C268BE55C}.Debug|Any CPU.ActiveCfg = Debug|Any CPU
		{86B650E5-6D4C-4B35-8687-4C4C268BE55C}.Debug|Any CPU.Build.0 = Debug|Any CPU
		{86B650E5-6D4C-4B35-8687-4C4C268BE55C}.Release|Any CPU.ActiveCfg = Release|Any CPU
		{86B650E5-6D4C-4B35-8687-4C4C268BE55C}.Release|Any CPU.Build.0 = Release|Any CPU
		{1BB3FD10-9F42-4F1D-889A-79FB82F5FDBB}.Debug|Any CPU.ActiveCfg = Debug|Any CPU
		{1BB3FD10-9F42-4F1D-889A-79FB82F5FDBB}.Debug|Any CPU.Build.0 = Debug|Any CPU
		{1BB3FD10-9F42-4F1D-889A-79FB82F5FDBB}.Release|Any CPU.ActiveCfg = Release|Any CPU
		{1BB3FD10-9F42-4F1D-889A-79FB82F5FDBB}.Release|Any CPU.Build.0 = Release|Any CPU
		{2AC71E45-3249-48C3-AE3B-F303EB899675}.Debug|Any CPU.ActiveCfg = Debug|Any CPU
		{2AC71E45-3249-48C3-AE3B-F303EB899675}.Debug|Any CPU.Build.0 = Debug|Any CPU
		{2AC71E45-3249-48C3-AE3B-F303EB899675}.Release|Any CPU.ActiveCfg = Release|Any CPU
		{2AC71E45-3249-48C3-AE3B-F303EB899675}.Release|Any CPU.Build.0 = Release|Any CPU
		{B6D836CE-9743-4AFA-967A-B83B0269B806}.Debug|Any CPU.ActiveCfg = Debug|Any CPU
		{B6D836CE-9743-4AFA-967A-B83B0269B806}.Debug|Any CPU.Build.0 = Debug|Any CPU
		{B6D836CE-9743-4AFA-967A-B83B0269B806}.Release|Any CPU.ActiveCfg = Release|Any CPU
		{B6D836CE-9743-4AFA-967A-B83B0269B806}.Release|Any CPU.Build.0 = Release|Any CPU
		{A617EEA8-1C6C-4D42-ACE2-C720A8628E7C}.Debug|Any CPU.ActiveCfg = Debug|Any CPU
		{A617EEA8-1C6C-4D42-ACE2-C720A8628E7C}.Debug|Any CPU.Build.0 = Debug|Any CPU
		{A617EEA8-1C6C-4D42-ACE2-C720A8628E7C}.Release|Any CPU.ActiveCfg = Release|Any CPU
		{A617EEA8-1C6C-4D42-ACE2-C720A8628E7C}.Release|Any CPU.Build.0 = Release|Any CPU
		{C76B3DB1-CDF9-4CF9-A445-BB272279B0F1}.Debug|Any CPU.ActiveCfg = Debug|Any CPU
		{C76B3DB1-CDF9-4CF9-A445-BB272279B0F1}.Debug|Any CPU.Build.0 = Debug|Any CPU
		{C76B3DB1-CDF9-4CF9-A445-BB272279B0F1}.Release|Any CPU.ActiveCfg = Release|Any CPU
		{C76B3DB1-CDF9-4CF9-A445-BB272279B0F1}.Release|Any CPU.Build.0 = Release|Any CPU
		{3F3F0673-39D0-4356-8744-936A07A05844}.Debug|Any CPU.ActiveCfg = Debug|Any CPU
		{3F3F0673-39D0-4356-8744-936A07A05844}.Debug|Any CPU.Build.0 = Debug|Any CPU
		{3F3F0673-39D0-4356-8744-936A07A05844}.Release|Any CPU.ActiveCfg = Release|Any CPU
		{3F3F0673-39D0-4356-8744-936A07A05844}.Release|Any CPU.Build.0 = Release|Any CPU
		{586DF167-47B7-40CC-A133-74A74C2533E8}.Debug|Any CPU.ActiveCfg = Debug|Any CPU
		{586DF167-47B7-40CC-A133-74A74C2533E8}.Debug|Any CPU.Build.0 = Debug|Any CPU
		{586DF167-47B7-40CC-A133-74A74C2533E8}.Release|Any CPU.ActiveCfg = Release|Any CPU
		{586DF167-47B7-40CC-A133-74A74C2533E8}.Release|Any CPU.Build.0 = Release|Any CPU
	EndGlobalSection
	GlobalSection(SolutionProperties) = preSolution
		HideSolutionNode = FALSE
	EndGlobalSection
	GlobalSection(NestedProjects) = preSolution
		{CA3D86CB-C97F-4AD1-AAF1-C3A4E009019E} = {37CE5D0E-7666-409A-8342-7634CADC3570}
		{69A9CFD3-DABA-45D6-8EAD-9E829279B27D} = {3FDB3E18-D8E8-4B6C-9611-C7A47CE5E321}
		{CE076574-C0C5-41D8-9A18-9BC80FD28066} = {CA3D86CB-C97F-4AD1-AAF1-C3A4E009019E}
		{513A762A-1897-4714-B748-BCFC7992B4F2} = {37CE5D0E-7666-409A-8342-7634CADC3570}
		{B401050D-E69B-4E66-BA5B-91FB5A946784} = {C989496A-C32F-45D0-A161-5AFAA1A3356B}
		{885028E7-B037-4408-9959-978639BBB00E} = {3FDB3E18-D8E8-4B6C-9611-C7A47CE5E321}
		{668B3C84-53BA-44BC-B3E5-59F0C4D248DD} = {69A9CFD3-DABA-45D6-8EAD-9E829279B27D}
		{2811AF18-014F-4D3A-AA91-6AFB13F53A9A} = {69A9CFD3-DABA-45D6-8EAD-9E829279B27D}
		{43DFA23C-87AE-49CD-868A-801EAD42BE74} = {69A9CFD3-DABA-45D6-8EAD-9E829279B27D}
		{A502E803-43F9-4B23-BEA9-E469299458E2} = {3FDB3E18-D8E8-4B6C-9611-C7A47CE5E321}
		{A214B1AC-A8FF-4CF1-B951-329557BCA980} = {A502E803-43F9-4B23-BEA9-E469299458E2}
		{C989496A-C32F-45D0-A161-5AFAA1A3356B} = {37CE5D0E-7666-409A-8342-7634CADC3570}
		{31F2D606-323E-43A8-B95F-A7B346B64D02} = {37CE5D0E-7666-409A-8342-7634CADC3570}
		{03E612BB-E63C-4BC8-9F3F-4C79F4449725} = {31F2D606-323E-43A8-B95F-A7B346B64D02}
		{C6DB1280-DAE1-4A06-8941-CF58D6983D23} = {BBE84A1F-E378-4E7F-8538-6BF773A49DE5}
		{D3E344FB-8174-4889-9BAA-18529C6D0486} = {3FDB3E18-D8E8-4B6C-9611-C7A47CE5E321}
		{67C77F24-8244-4903-8CC5-01549E12DFBF} = {D3E344FB-8174-4889-9BAA-18529C6D0486}
		{74CF6593-2629-4303-A881-03D61B249176} = {3FDB3E18-D8E8-4B6C-9611-C7A47CE5E321}
		{AFA3B34A-0A72-4049-BAFA-B784FB722839} = {74CF6593-2629-4303-A881-03D61B249176}
		{F30C0CC5-B760-4EE0-9603-FCE8FF5206BC} = {74CF6593-2629-4303-A881-03D61B249176}
		{20F0A03B-1D39-4EC5-8BF9-B5D11FC95939} = {3FDB3E18-D8E8-4B6C-9611-C7A47CE5E321}
		{FDE47477-16B9-49C6-8D4F-8918D8BFA7B0} = {20F0A03B-1D39-4EC5-8BF9-B5D11FC95939}
		{2C275C9C-3596-45BC-8D0C-C97D69403791} = {FBA827F4-7E04-40C2-B8D1-2D7964D2D5EE}
		{B5F7C518-EF35-40F5-82BF-22DB4ACC9E9D} = {2C275C9C-3596-45BC-8D0C-C97D69403791}
		{37DE7F92-5446-4200-87A6-43C36D1C1650} = {74CF6593-2629-4303-A881-03D61B249176}
		{264F6C9C-546B-4D21-829A-D818658D7D52} = {3FDB3E18-D8E8-4B6C-9611-C7A47CE5E321}
		{99EDF6EA-0FC6-4189-9125-F41B45012AF3} = {264F6C9C-546B-4D21-829A-D818658D7D52}
		{02BB5DE6-1886-429B-87C4-EBACDAE1D1A1} = {3FDB3E18-D8E8-4B6C-9611-C7A47CE5E321}
		{E8FDA6EC-46BF-4915-8BBE-DE8EF38B11F0} = {02BB5DE6-1886-429B-87C4-EBACDAE1D1A1}
		{59B48553-2829-4BB0-83AA-860C8EDC9F68} = {74CF6593-2629-4303-A881-03D61B249176}
		{B4016C34-1643-46EE-A87F-ABF084303EAF} = {FBA827F4-7E04-40C2-B8D1-2D7964D2D5EE}
		{8671DE05-A89C-44CF-B606-5B319430F0E8} = {FBA827F4-7E04-40C2-B8D1-2D7964D2D5EE}
		{FCE1C130-82BB-4D49-9EAB-516B2FC5497D} = {FBA827F4-7E04-40C2-B8D1-2D7964D2D5EE}
		{4F701287-4B9A-4720-B577-29ECBFFB3E8A} = {FBA827F4-7E04-40C2-B8D1-2D7964D2D5EE}
		{F26359E9-2013-44D7-8569-E5533DEC9BA4} = {B4016C34-1643-46EE-A87F-ABF084303EAF}
		{385C7F8E-7318-4CB8-9DF6-B61D49805C4E} = {8671DE05-A89C-44CF-B606-5B319430F0E8}
		{00BAAA1A-D082-4822-981C-D8AD6E8EEB59} = {FCE1C130-82BB-4D49-9EAB-516B2FC5497D}
		{3606B8D8-0FBA-43F4-9227-01E60D2F6747} = {2C275C9C-3596-45BC-8D0C-C97D69403791}
		{86B650E5-6D4C-4B35-8687-4C4C268BE55C} = {02BB5DE6-1886-429B-87C4-EBACDAE1D1A1}
		{1BB3FD10-9F42-4F1D-889A-79FB82F5FDBB} = {74CF6593-2629-4303-A881-03D61B249176}
		{2AC71E45-3249-48C3-AE3B-F303EB899675} = {4F701287-4B9A-4720-B577-29ECBFFB3E8A}
		{EDE3C2EA-9294-4D45-A4C1-B8F595C9ACB4} = {FBA827F4-7E04-40C2-B8D1-2D7964D2D5EE}
		{B6D836CE-9743-4AFA-967A-B83B0269B806} = {EDE3C2EA-9294-4D45-A4C1-B8F595C9ACB4}
		{A617EEA8-1C6C-4D42-ACE2-C720A8628E7C} = {2C275C9C-3596-45BC-8D0C-C97D69403791}
		{C76B3DB1-CDF9-4CF9-A445-BB272279B0F1} = {74CF6593-2629-4303-A881-03D61B249176}
		{C7C67878-EE19-4954-B2B8-1A1CC69C1B0A} = {FBA827F4-7E04-40C2-B8D1-2D7964D2D5EE}
		{3F3F0673-39D0-4356-8744-936A07A05844} = {C7C67878-EE19-4954-B2B8-1A1CC69C1B0A}
		{586DF167-47B7-40CC-A133-74A74C2533E8} = {02BB5DE6-1886-429B-87C4-EBACDAE1D1A1}
	EndGlobalSection
	GlobalSection(ExtensibilityGlobals) = postSolution
		SolutionGuid = {4D281A3A-F959-47F5-BD83-4A90544B6979}
	EndGlobalSection
EndGlobal
