
Microsoft Visual Studio Solution File, Format Version 12.00
# Visual Studio 15
VisualStudioVersion = 15.0.28307.757
MinimumVisualStudioVersion = 10.0.40219.1
Project("{2150E333-8FDC-42A3-9474-1A3956D46DE8}") = "02-CSharpTool", "02-CSharpTool", "{37CE5D0E-7666-409A-8342-7634CADC3570}"
EndProject
Project("{2150E333-8FDC-42A3-9474-1A3956D46DE8}") = "01-Src", "01-Src", "{3FDB3E18-D8E8-4B6C-9611-C7A47CE5E321}"
EndProject
Project("{2150E333-8FDC-42A3-9474-1A3956D46DE8}") = ".nuget", ".nuget", "{56C21C60-765D-4C95-AC54-3A2BDC4DD1B5}"
	ProjectSection(SolutionItems) = preProject
		.nuget\packages.config = .nuget\packages.config
	EndProjectSection
EndProject
Project("{2150E333-8FDC-42A3-9474-1A3956D46DE8}") = "SocketNet", "SocketNet", "{CA3D86CB-C97F-4AD1-AAF1-C3A4E009019E}"
EndProject
Project("{2150E333-8FDC-42A3-9474-1A3956D46DE8}") = "DataBase", "DataBase", "{69A9CFD3-DABA-45D6-8EAD-9E829279B27D}"
EndProject
Project("{2150E333-8FDC-42A3-9474-1A3956D46DE8}") = "03-Business", "03-Business", "{FBA827F4-7E04-40C2-B8D1-2D7964D2D5EE}"
EndProject
Project("{FAE04EC0-301F-11D3-BF4B-00C04F79EFBC}") = "UDPBroadcast", "02-CSharpTool\UDPBroadcast\UDPBroadcast.csproj", "{CE076574-C0C5-41D8-9A18-9BC80FD28066}"
EndProject
Project("{FAE04EC0-301F-11D3-BF4B-00C04F79EFBC}") = "ConnectionPool", "02-CSharpTool\ConnectionPool\ConnectionPool.csproj", "{513A762A-1897-4714-B748-BCFC7992B4F2}"
EndProject
Project("{FAE04EC0-301F-11D3-BF4B-00C04F79EFBC}") = "CodeBuilder", "02-CSharpTool\CodeBuilder\CodeBuilder.csproj", "{B401050D-E69B-4E66-BA5B-91FB5A946784}"
EndProject
Project("{FAE04EC0-301F-11D3-BF4B-00C04F79EFBC}") = "SkeFramework.NetConnectionPool", "01-Src\SkeFramework.NetConnectionPool\SkeFramework.NetConnectionPool.csproj", "{885028E7-B037-4408-9959-978639BBB00E}"
EndProject
Project("{FAE04EC0-301F-11D3-BF4B-00C04F79EFBC}") = "SkeFramework.DataBase.DataAccess", "01-Src\SkeFramework.DataBase.DataAccess\SkeFramework.DataBase.DataAccess.csproj", "{2811AF18-014F-4D3A-AA91-6AFB13F53A9A}"
EndProject
Project("{2150E333-8FDC-42A3-9474-1A3956D46DE8}") = "Winform", "Winform", "{A502E803-43F9-4B23-BEA9-E469299458E2}"
EndProject
Project("{FAE04EC0-301F-11D3-BF4B-00C04F79EFBC}") = "SkeFramework.Winform.AutoUpdates", "01-Src\SkeFramework.Winform.AutoUpdates\SkeFramework.Winform.AutoUpdates.csproj", "{A214B1AC-A8FF-4CF1-B951-329557BCA980}"
EndProject
Project("{2150E333-8FDC-42A3-9474-1A3956D46DE8}") = "DataBase", "DataBase", "{C989496A-C32F-45D0-A161-5AFAA1A3356B}"
EndProject
Project("{2150E333-8FDC-42A3-9474-1A3956D46DE8}") = "Winform", "Winform", "{31F2D606-323E-43A8-B95F-A7B346B64D02}"
EndProject
Project("{FAE04EC0-301F-11D3-BF4B-00C04F79EFBC}") = "SkeFramework.Winform.AutoUpdates.CreateXmlTools", "02-CSharpTool\SkeFramework.Winform.AutoUpdates.CreateXmlTools\SkeFramework.Winform.AutoUpdates.CreateXmlTools.csproj", "{03E612BB-E63C-4BC8-9F3F-4C79F4449725}"
EndProject
Project("{2150E333-8FDC-42A3-9474-1A3956D46DE8}") = "04-Test", "04-Test", "{BBE84A1F-E378-4E7F-8538-6BF773A49DE5}"
EndProject
Project("{FAE04EC0-301F-11D3-BF4B-00C04F79EFBC}") = "SkeFramework.Winform.AutoUpdates.Test", "04-Test\SkeFramework.Winform.AutoUpdates.Test\SkeFramework.Winform.AutoUpdates.Test.csproj", "{C6DB1280-DAE1-4A06-8941-CF58D6983D23}"
EndProject
Project("{2150E333-8FDC-42A3-9474-1A3956D46DE8}") = "Cache", "Cache", "{D3E344FB-8174-4889-9BAA-18529C6D0486}"
EndProject
Project("{FAE04EC0-301F-11D3-BF4B-00C04F79EFBC}") = "SkeFramework.Cache.Redis", "01-Src\SkeFramework.Cache.Redis\SkeFramework.Cache.Redis.csproj", "{67C77F24-8244-4903-8CC5-01549E12DFBF}"
EndProject
Project("{2150E333-8FDC-42A3-9474-1A3956D46DE8}") = "Core", "Core", "{74CF6593-2629-4303-A881-03D61B249176}"
EndProject
Project("{FAE04EC0-301F-11D3-BF4B-00C04F79EFBC}") = "SkeFramework.Core.IO", "01-Src\SkeFramework.Core.IO\SkeFramework.Core.IO.csproj", "{AFA3B34A-0A72-4049-BAFA-B784FB722839}"
EndProject
Project("{FAE04EC0-301F-11D3-BF4B-00C04F79EFBC}") = "SkeFramework.Core.Network", "01-Src\SkeFramework.Core.Network\SkeFramework.Core.Network.csproj", "{F30C0CC5-B760-4EE0-9603-FCE8FF5206BC}"
EndProject
Project("{2150E333-8FDC-42A3-9474-1A3956D46DE8}") = "Push", "Push", "{20F0A03B-1D39-4EC5-8BF9-B5D11FC95939}"
EndProject
Project("{FAE04EC0-301F-11D3-BF4B-00C04F79EFBC}") = "SkeFramework.Push.Core", "01-Src\SkeFramework.Push.Core\SkeFramework.Push.Core.csproj", "{FDE47477-16B9-49C6-8D4F-8918D8BFA7B0}"
EndProject
Project("{2150E333-8FDC-42A3-9474-1A3956D46DE8}") = "08-MicrosServices", "08-MicrosServices", "{2C275C9C-3596-45BC-8D0C-C97D69403791}"
EndProject
Project("{9A19103F-16F7-4668-BE54-9A1E7A4F7556}") = "MicrosServices.APIGateway", "03-Business\MicrosServices.APIGateway\MicrosServices.APIGateway.csproj", "{B5F7C518-EF35-40F5-82BF-22DB4ACC9E9D}"
EndProject
Project("{FAE04EC0-301F-11D3-BF4B-00C04F79EFBC}") = "SkeFramework.Core.Common", "01-Src\SkeFramework.Core.Common\SkeFramework.Core.Common.csproj", "{37DE7F92-5446-4200-87A6-43C36D1C1650}"
EndProject
Project("{2150E333-8FDC-42A3-9474-1A3956D46DE8}") = "CoreSDK", "CoreSDK", "{264F6C9C-546B-4D21-829A-D818658D7D52}"
EndProject
Project("{2150E333-8FDC-42A3-9474-1A3956D46DE8}") = "Socket", "Socket", "{02BB5DE6-1886-429B-87C4-EBACDAE1D1A1}"
EndProject
Project("{FAE04EC0-301F-11D3-BF4B-00C04F79EFBC}") = "SkeFramework.NetSocket", "01-Src\SkeFramework.NetSocket\SkeFramework.NetSocket.csproj", "{E8FDA6EC-46BF-4915-8BBE-DE8EF38B11F0}"
EndProject
Project("{FAE04EC0-301F-11D3-BF4B-00C04F79EFBC}") = "SkeFramework.Core.SnowFlake", "01-Src\SkeFramework.Core.SnowFlake\SkeFramework.Core.SnowFlake.csproj", "{59B48553-2829-4BB0-83AA-860C8EDC9F68}"
EndProject
Project("{2150E333-8FDC-42A3-9474-1A3956D46DE8}") = "01-Entities", "01-Entities", "{B4016C34-1643-46EE-A87F-ABF084303EAF}"
EndProject
Project("{2150E333-8FDC-42A3-9474-1A3956D46DE8}") = "02-DAL", "02-DAL", "{8671DE05-A89C-44CF-B606-5B319430F0E8}"
EndProject
Project("{2150E333-8FDC-42A3-9474-1A3956D46DE8}") = "03-BLL", "03-BLL", "{FCE1C130-82BB-4D49-9EAB-516B2FC5497D}"
EndProject
Project("{2150E333-8FDC-42A3-9474-1A3956D46DE8}") = "04-Helper", "04-Helper", "{4F701287-4B9A-4720-B577-29ECBFFB3E8A}"
EndProject
Project("{FAE04EC0-301F-11D3-BF4B-00C04F79EFBC}") = "MicrosServices.Entities", "03-Business\MicrosServices.Entities\MicrosServices.Entities.csproj", "{F26359E9-2013-44D7-8569-E5533DEC9BA4}"
EndProject
Project("{FAE04EC0-301F-11D3-BF4B-00C04F79EFBC}") = "MicrosServices.DAL.DataAccess", "03-Business\MicrosServices.DAL.DataAccess\MicrosServices.DAL.DataAccess.csproj", "{385C7F8E-7318-4CB8-9DF6-B61D49805C4E}"
EndProject
Project("{FAE04EC0-301F-11D3-BF4B-00C04F79EFBC}") = "MicrosServices.BLL.Business", "03-Business\MicrosServices.BLL.Business\MicrosServices.BLL.Business.csproj", "{00BAAA1A-D082-4822-981C-D8AD6E8EEB59}"
EndProject
Project("{9A19103F-16F7-4668-BE54-9A1E7A4F7556}") = "MicrosServices.API.PermissionSystem", "03-Business\MicrosServices.API.PermissionSystem\MicrosServices.API.PermissionSystem.csproj", "{3606B8D8-0FBA-43F4-9227-01E60D2F6747}"
EndProject
Project("{FAE04EC0-301F-11D3-BF4B-00C04F79EFBC}") = "SkeFramework.NetSerialPort", "01-Src\SkeFramework.NetSerialPort\SkeFramework.NetSerialPort.csproj", "{86B650E5-6D4C-4B35-8687-4C4C268BE55C}"
EndProject
Project("{9A19103F-16F7-4668-BE54-9A1E7A4F7556}") = "SkeFramework.Core.ApiCommons", "01-Src\SkeFramework.Core.ApiCommons\SkeFramework.Core.ApiCommons.csproj", "{1BB3FD10-9F42-4F1D-889A-79FB82F5FDBB}"
EndProject
Project("{FAE04EC0-301F-11D3-BF4B-00C04F79EFBC}") = "MicrosServices.Helper.Core", "03-Business\MicrosServices.Helper.Core\MicrosServices.Helper.Core.csproj", "{2AC71E45-3249-48C3-AE3B-F303EB899675}"
EndProject
Project("{2150E333-8FDC-42A3-9474-1A3956D46DE8}") = "06-UI", "06-UI", "{EDE3C2EA-9294-4D45-A4C1-B8F595C9ACB4}"
EndProject
Project("{FAE04EC0-301F-11D3-BF4B-00C04F79EFBC}") = "PermissionSystem.UI.WebSites", "03-Business\PermissionSystem.UI.WebSites\PermissionSystem.UI.WebSites.csproj", "{B6D836CE-9743-4AFA-967A-B83B0269B806}"
EndProject
Project("{9A19103F-16F7-4668-BE54-9A1E7A4F7556}") = "MicrosServices.API.UserCenter", "03-Business\MicrosServices.API.UserCenter\MicrosServices.API.UserCenter.csproj", "{A617EEA8-1C6C-4D42-ACE2-C720A8628E7C}"
EndProject
Project("{FAE04EC0-301F-11D3-BF4B-00C04F79EFBC}") = "SkeFramework.Core.Encrypts", "01-Src\SkeFramework.Core.Encrypts\SkeFramework.Core.Encrypts.csproj", "{C76B3DB1-CDF9-4CF9-A445-BB272279B0F1}"
EndProject
Project("{2150E333-8FDC-42A3-9474-1A3956D46DE8}") = "05-SDK", "05-SDK", "{C7C67878-EE19-4954-B2B8-1A1CC69C1B0A}"
EndProject
Project("{FAE04EC0-301F-11D3-BF4B-00C04F79EFBC}") = "MicrosServices.SDK.UserCenter", "03-Business\MicrosServices.SDK.UserCenter\MicrosServices.SDK.UserCenter.csproj", "{3F3F0673-39D0-4356-8744-936A07A05844}"
EndProject
Project("{FAE04EC0-301F-11D3-BF4B-00C04F79EFBC}") = "SkeFramework.NetProtocol", "01-Src\SkeFramework.NetProtocol\SkeFramework.NetProtocol.csproj", "{586DF167-47B7-40CC-A133-74A74C2533E8}"
EndProject
Project("{FAE04EC0-301F-11D3-BF4B-00C04F79EFBC}") = "MicrosServices.SDK.PermissionSystem", "03-Business\MicrosServices.SDK.PermissionSystem\MicrosServices.SDK.PermissionSystem.csproj", "{50CABD78-9509-44AF-82E8-21709236C187}"
EndProject
Project("{FAE04EC0-301F-11D3-BF4B-00C04F79EFBC}") = "SkeFramework.Core.SqlExpression", "01-Src\SkeFramework.Core.SqlExpression\SkeFramework.Core.SqlExpression.csproj", "{AAA1A2D1-12B6-4A1F-8AE0-46ECE0BD4D89}"
EndProject
Project("{FAE04EC0-301F-11D3-BF4B-00C04F79EFBC}") = "MicrosServices.Helper.DataUtil", "03-Business\MicrosServices.Helper.DataUtil\MicrosServices.Helper.DataUtil.csproj", "{1420C94D-4ECE-4A05-BBCE-0D2EAC8F675E}"
EndProject
Project("{FAE04EC0-301F-11D3-BF4B-00C04F79EFBC}") = "SkeFramework.Core.NetLog", "01-Src\SkeFramework.Core.NetLog\SkeFramework.Core.NetLog.csproj", "{B62BB163-9E25-40D5-BE5E-8D515E5BFE16}"
EndProject
Project("{FAE04EC0-301F-11D3-BF4B-00C04F79EFBC}") = "SkeFramework.Winform.NetControls", "01-Src\SkeFramework.Winform.NetControls\SkeFramework.Winform.NetControls.csproj", "{0618A2B6-E40B-4087-9E6C-411ECD10EC94}"
EndProject
Project("{2150E333-8FDC-42A3-9474-1A3956D46DE8}") = "Framework", "Framework", "{57751B14-F2F2-43F6-9E83-7E7245FDF081}"
EndProject
Project("{9A19103F-16F7-4668-BE54-9A1E7A4F7556}") = "SkeFramework.Core.NetworkUtils", "01-Src\SkeFramework.Core.NetworkUtils\SkeFramework.Core.NetworkUtils.csproj", "{6FEEC4BA-D97C-42F8-8F5F-2379A23E0AA5}"
EndProject
Project("{2150E333-8FDC-42A3-9474-1A3956D46DE8}") = "07-Cache", "07-Cache", "{0434B631-7C9C-4A1B-8F2D-525CFBB7B859}"
EndProject
Project("{2150E333-8FDC-42A3-9474-1A3956D46DE8}") = "Schedule", "Schedule", "{A7D6F9A3-F9D1-432D-A23D-0E437C7630D1}"
EndProject
Project("{FAE04EC0-301F-11D3-BF4B-00C04F79EFBC}") = "SkeFramework.Schedule.NetJob", "01-Src\SkeFramework.Schedule.NetJob\SkeFramework.Schedule.NetJob.csproj", "{BD18821B-E798-49FE-8AC0-FA04F27A0FC5}"
EndProject
Project("{FAE04EC0-301F-11D3-BF4B-00C04F79EFBC}") = "SkeFramework.Winform.LicenseAuth", "01-Src\SkeFramework.Winform.LicenseAuth\SkeFramework.Winform.LicenseAuth.csproj", "{0BD488A3-8157-492A-82CA-86C0938443EC}"
EndProject
Project("{9A19103F-16F7-4668-BE54-9A1E7A4F7556}") = "MicrosServices.API.PublishDeploy", "03-Business\MicrosServices.API.PublishDeploy\MicrosServices.API.PublishDeploy.csproj", "{A8A83048-A9B2-49AF-8D19-0F8DF6984357}"
EndProject
Project("{FAE04EC0-301F-11D3-BF4B-00C04F79EFBC}") = "MicrosServices.SDK.PublishDeploy", "03-Business\MicrosServices.SDK.PublishDeploy\MicrosServices.SDK.PublishDeploy.csproj", "{F254B181-1621-4071-9764-BC07E500F502}"
EndProject
Project("{FAE04EC0-301F-11D3-BF4B-00C04F79EFBC}") = "MicrosServices.Entities.Common", "03-Business\MicrosServices.Entities.Common\MicrosServices.Entities.Common.csproj", "{D249D5F8-25C1-4D93-AD7A-B85757D43737}"
EndProject
Project("{FAE04EC0-301F-11D3-BF4B-00C04F79EFBC}") = "MicrosServices.Entities.Core", "03-Business\MicrosServices.Entities.Core\MicrosServices.Entities.Core.csproj", "{04550189-5D0E-46BE-B6F8-D8AC82A044BC}"
EndProject
Project("{2150E333-8FDC-42A3-9474-1A3956D46DE8}") = "Exceptionless", "Exceptionless", "{57CDDE1E-C338-4E99-BCAC-3D4D19CB5C13}"
EndProject
Project("{FAE04EC0-301F-11D3-BF4B-00C04F79EFBC}") = "SkeFramework.Core.CodeBuilder", "01-Src\SkeFramework.Core.CodeBuilder\SkeFramework.Core.CodeBuilder.csproj", "{193D2543-B978-4DD5-A3F8-CBE6EE386F2A}"
EndProject
Project("{9A19103F-16F7-4668-BE54-9A1E7A4F7556}") = "SkeFramework.Exceptionless.CoreApi", "01-Src\SkeFramework.Exceptionless.CoreApi\SkeFramework.Exceptionless.CoreApi.csproj", "{ACA05FA8-DC72-4034-B8C8-500CC682611F}"
EndProject
Project("{FAE04EC0-301F-11D3-BF4B-00C04F79EFBC}") = "SkeFramework.Push.WebSocket", "01-Src\SkeFramework.Push.WebSocket\SkeFramework.Push.WebSocket.csproj", "{5B7215EA-97F4-403E-AF9E-82BDE2A0604C}"
EndProject
Project("{2150E333-8FDC-42A3-9474-1A3956D46DE8}") = "05-Nuget", "05-Nuget", "{BCBA90A6-69D7-4EFA-9831-64E8EAA8FB41}"
EndProject
Project("{2150E333-8FDC-42A3-9474-1A3956D46DE8}") = "Git", "Git", "{36081E95-AB41-4FC1-B8AF-46D636AC6767}"
EndProject
Project("{FAE04EC0-301F-11D3-BF4B-00C04F79EFBC}") = "SkeFramework.NetGit", "01-Src\SkeFramework.NetGit\SkeFramework.NetGit.csproj", "{24D57FD7-F4E1-49DE-915C-2A044CCFBC48}"
EndProject
Project("{FAE04EC0-301F-11D3-BF4B-00C04F79EFBC}") = "MicrosServices.SDK.LogSystem", "03-Business\MicrosServices.SDK.LogSystem\MicrosServices.SDK.LogSystem.csproj", "{158B1B18-D265-4F1E-B79E-45B2C3D9B3CA}"
EndProject
Project("{9A19103F-16F7-4668-BE54-9A1E7A4F7556}") = "MicrosServices.API.AdminServer", "03-Business\MicrosServices.API.AdminServer\MicrosServices.API.AdminServer.csproj", "{5875AE76-5196-4E20-824F-A2ACFF6C6105}"
EndProject
Project("{FAE04EC0-301F-11D3-BF4B-00C04F79EFBC}") = "MicrosServices.SDK.AdminSystem", "03-Business\MicrosServices.SDK.AdminSystem\MicrosServices.SDK.AdminSystem.csproj", "{5FBDF9BE-9C99-48EA-ABFD-D34341318547}"
EndProject
Project("{9A19103F-16F7-4668-BE54-9A1E7A4F7556}") = "MicrosServices.API.RealTimeSystem", "03-Business\MicrosServices.API.RealTimeSystem\MicrosServices.API.RealTimeSystem.csproj", "{718817F2-2AE6-4B60-AD39-4305A141FDE9}"
EndProject
Project("{FAE04EC0-301F-11D3-BF4B-00C04F79EFBC}") = "MicrosServices.SDK.RealTimeSystem", "03-Business\MicrosServices.SDK.RealTimeSystem\MicrosServices.SDK.RealTimeSystem.csproj", "{AE2124BC-A2A5-47A4-92C5-88115B8F714B}"
EndProject
Project("{9A19103F-16F7-4668-BE54-9A1E7A4F7556}") = "SkeFramework.Core.WebSocket", "01-Src\SkeFramework.Core.WebSocket\SkeFramework.Core.WebSocket.csproj", "{04897621-13EE-4493-BF98-651FE928F2D4}"
EndProject
Project("{2150E333-8FDC-42A3-9474-1A3956D46DE8}") = "DataBase", "DataBase", "{12F6AE5C-5227-4BB1-89E6-766085F01464}"
EndProject
Global
	GlobalSection(SolutionConfigurationPlatforms) = preSolution
		Debug|Any CPU = Debug|Any CPU
		Release|Any CPU = Release|Any CPU
	EndGlobalSection
	GlobalSection(ProjectConfigurationPlatforms) = postSolution
		{CE076574-C0C5-41D8-9A18-9BC80FD28066}.Debug|Any CPU.ActiveCfg = Debug|Any CPU
		{CE076574-C0C5-41D8-9A18-9BC80FD28066}.Debug|Any CPU.Build.0 = Debug|Any CPU
		{CE076574-C0C5-41D8-9A18-9BC80FD28066}.Release|Any CPU.ActiveCfg = Release|Any CPU
		{CE076574-C0C5-41D8-9A18-9BC80FD28066}.Release|Any CPU.Build.0 = Release|Any CPU
		{513A762A-1897-4714-B748-BCFC7992B4F2}.Debug|Any CPU.ActiveCfg = Debug|Any CPU
		{513A762A-1897-4714-B748-BCFC7992B4F2}.Debug|Any CPU.Build.0 = Debug|Any CPU
		{513A762A-1897-4714-B748-BCFC7992B4F2}.Release|Any CPU.ActiveCfg = Release|Any CPU
		{513A762A-1897-4714-B748-BCFC7992B4F2}.Release|Any CPU.Build.0 = Release|Any CPU
		{B401050D-E69B-4E66-BA5B-91FB5A946784}.Debug|Any CPU.ActiveCfg = Debug|Any CPU
		{B401050D-E69B-4E66-BA5B-91FB5A946784}.Debug|Any CPU.Build.0 = Debug|Any CPU
		{B401050D-E69B-4E66-BA5B-91FB5A946784}.Release|Any CPU.ActiveCfg = Release|Any CPU
		{B401050D-E69B-4E66-BA5B-91FB5A946784}.Release|Any CPU.Build.0 = Release|Any CPU
		{885028E7-B037-4408-9959-978639BBB00E}.Debug|Any CPU.ActiveCfg = Debug|Any CPU
		{885028E7-B037-4408-9959-978639BBB00E}.Debug|Any CPU.Build.0 = Debug|Any CPU
		{885028E7-B037-4408-9959-978639BBB00E}.Release|Any CPU.ActiveCfg = Release|Any CPU
		{885028E7-B037-4408-9959-978639BBB00E}.Release|Any CPU.Build.0 = Release|Any CPU
		{2811AF18-014F-4D3A-AA91-6AFB13F53A9A}.Debug|Any CPU.ActiveCfg = Debug|Any CPU
		{2811AF18-014F-4D3A-AA91-6AFB13F53A9A}.Debug|Any CPU.Build.0 = Debug|Any CPU
		{2811AF18-014F-4D3A-AA91-6AFB13F53A9A}.Release|Any CPU.ActiveCfg = Release|Any CPU
		{2811AF18-014F-4D3A-AA91-6AFB13F53A9A}.Release|Any CPU.Build.0 = Release|Any CPU
		{A214B1AC-A8FF-4CF1-B951-329557BCA980}.Debug|Any CPU.ActiveCfg = Debug|Any CPU
		{A214B1AC-A8FF-4CF1-B951-329557BCA980}.Debug|Any CPU.Build.0 = Debug|Any CPU
		{A214B1AC-A8FF-4CF1-B951-329557BCA980}.Release|Any CPU.ActiveCfg = Release|Any CPU
		{A214B1AC-A8FF-4CF1-B951-329557BCA980}.Release|Any CPU.Build.0 = Release|Any CPU
		{03E612BB-E63C-4BC8-9F3F-4C79F4449725}.Debug|Any CPU.ActiveCfg = Debug|Any CPU
		{03E612BB-E63C-4BC8-9F3F-4C79F4449725}.Debug|Any CPU.Build.0 = Debug|Any CPU
		{03E612BB-E63C-4BC8-9F3F-4C79F4449725}.Release|Any CPU.ActiveCfg = Release|Any CPU
		{03E612BB-E63C-4BC8-9F3F-4C79F4449725}.Release|Any CPU.Build.0 = Release|Any CPU
		{C6DB1280-DAE1-4A06-8941-CF58D6983D23}.Debug|Any CPU.ActiveCfg = Debug|Any CPU
		{C6DB1280-DAE1-4A06-8941-CF58D6983D23}.Debug|Any CPU.Build.0 = Debug|Any CPU
		{C6DB1280-DAE1-4A06-8941-CF58D6983D23}.Release|Any CPU.ActiveCfg = Release|Any CPU
		{C6DB1280-DAE1-4A06-8941-CF58D6983D23}.Release|Any CPU.Build.0 = Release|Any CPU
		{67C77F24-8244-4903-8CC5-01549E12DFBF}.Debug|Any CPU.ActiveCfg = Debug|Any CPU
		{67C77F24-8244-4903-8CC5-01549E12DFBF}.Debug|Any CPU.Build.0 = Debug|Any CPU
		{67C77F24-8244-4903-8CC5-01549E12DFBF}.Release|Any CPU.ActiveCfg = Release|Any CPU
		{67C77F24-8244-4903-8CC5-01549E12DFBF}.Release|Any CPU.Build.0 = Release|Any CPU
		{AFA3B34A-0A72-4049-BAFA-B784FB722839}.Debug|Any CPU.ActiveCfg = Debug|Any CPU
		{AFA3B34A-0A72-4049-BAFA-B784FB722839}.Debug|Any CPU.Build.0 = Debug|Any CPU
		{AFA3B34A-0A72-4049-BAFA-B784FB722839}.Release|Any CPU.ActiveCfg = Release|Any CPU
		{AFA3B34A-0A72-4049-BAFA-B784FB722839}.Release|Any CPU.Build.0 = Release|Any CPU
		{F30C0CC5-B760-4EE0-9603-FCE8FF5206BC}.Debug|Any CPU.ActiveCfg = Debug|Any CPU
		{F30C0CC5-B760-4EE0-9603-FCE8FF5206BC}.Debug|Any CPU.Build.0 = Debug|Any CPU
		{F30C0CC5-B760-4EE0-9603-FCE8FF5206BC}.Release|Any CPU.ActiveCfg = Release|Any CPU
		{F30C0CC5-B760-4EE0-9603-FCE8FF5206BC}.Release|Any CPU.Build.0 = Release|Any CPU
		{FDE47477-16B9-49C6-8D4F-8918D8BFA7B0}.Debug|Any CPU.ActiveCfg = Debug|Any CPU
		{FDE47477-16B9-49C6-8D4F-8918D8BFA7B0}.Debug|Any CPU.Build.0 = Debug|Any CPU
		{FDE47477-16B9-49C6-8D4F-8918D8BFA7B0}.Release|Any CPU.ActiveCfg = Release|Any CPU
		{FDE47477-16B9-49C6-8D4F-8918D8BFA7B0}.Release|Any CPU.Build.0 = Release|Any CPU
		{B5F7C518-EF35-40F5-82BF-22DB4ACC9E9D}.Debug|Any CPU.ActiveCfg = Debug|Any CPU
		{B5F7C518-EF35-40F5-82BF-22DB4ACC9E9D}.Debug|Any CPU.Build.0 = Debug|Any CPU
		{B5F7C518-EF35-40F5-82BF-22DB4ACC9E9D}.Release|Any CPU.ActiveCfg = Release|Any CPU
		{B5F7C518-EF35-40F5-82BF-22DB4ACC9E9D}.Release|Any CPU.Build.0 = Release|Any CPU
		{37DE7F92-5446-4200-87A6-43C36D1C1650}.Debug|Any CPU.ActiveCfg = Debug|Any CPU
		{37DE7F92-5446-4200-87A6-43C36D1C1650}.Debug|Any CPU.Build.0 = Debug|Any CPU
		{37DE7F92-5446-4200-87A6-43C36D1C1650}.Release|Any CPU.ActiveCfg = Release|Any CPU
		{37DE7F92-5446-4200-87A6-43C36D1C1650}.Release|Any CPU.Build.0 = Release|Any CPU
		{E8FDA6EC-46BF-4915-8BBE-DE8EF38B11F0}.Debug|Any CPU.ActiveCfg = Debug|Any CPU
		{E8FDA6EC-46BF-4915-8BBE-DE8EF38B11F0}.Debug|Any CPU.Build.0 = Debug|Any CPU
		{E8FDA6EC-46BF-4915-8BBE-DE8EF38B11F0}.Release|Any CPU.ActiveCfg = Release|Any CPU
		{E8FDA6EC-46BF-4915-8BBE-DE8EF38B11F0}.Release|Any CPU.Build.0 = Release|Any CPU
		{59B48553-2829-4BB0-83AA-860C8EDC9F68}.Debug|Any CPU.ActiveCfg = Debug|Any CPU
		{59B48553-2829-4BB0-83AA-860C8EDC9F68}.Debug|Any CPU.Build.0 = Debug|Any CPU
		{59B48553-2829-4BB0-83AA-860C8EDC9F68}.Release|Any CPU.ActiveCfg = Release|Any CPU
		{59B48553-2829-4BB0-83AA-860C8EDC9F68}.Release|Any CPU.Build.0 = Release|Any CPU
		{F26359E9-2013-44D7-8569-E5533DEC9BA4}.Debug|Any CPU.ActiveCfg = Debug|Any CPU
		{F26359E9-2013-44D7-8569-E5533DEC9BA4}.Debug|Any CPU.Build.0 = Debug|Any CPU
		{F26359E9-2013-44D7-8569-E5533DEC9BA4}.Release|Any CPU.ActiveCfg = Release|Any CPU
		{F26359E9-2013-44D7-8569-E5533DEC9BA4}.Release|Any CPU.Build.0 = Release|Any CPU
		{385C7F8E-7318-4CB8-9DF6-B61D49805C4E}.Debug|Any CPU.ActiveCfg = Debug|Any CPU
		{385C7F8E-7318-4CB8-9DF6-B61D49805C4E}.Debug|Any CPU.Build.0 = Debug|Any CPU
		{385C7F8E-7318-4CB8-9DF6-B61D49805C4E}.Release|Any CPU.ActiveCfg = Release|Any CPU
		{385C7F8E-7318-4CB8-9DF6-B61D49805C4E}.Release|Any CPU.Build.0 = Release|Any CPU
		{00BAAA1A-D082-4822-981C-D8AD6E8EEB59}.Debug|Any CPU.ActiveCfg = Debug|Any CPU
		{00BAAA1A-D082-4822-981C-D8AD6E8EEB59}.Debug|Any CPU.Build.0 = Debug|Any CPU
		{00BAAA1A-D082-4822-981C-D8AD6E8EEB59}.Release|Any CPU.ActiveCfg = Release|Any CPU
		{00BAAA1A-D082-4822-981C-D8AD6E8EEB59}.Release|Any CPU.Build.0 = Release|Any CPU
		{3606B8D8-0FBA-43F4-9227-01E60D2F6747}.Debug|Any CPU.ActiveCfg = Debug|Any CPU
		{3606B8D8-0FBA-43F4-9227-01E60D2F6747}.Debug|Any CPU.Build.0 = Debug|Any CPU
		{3606B8D8-0FBA-43F4-9227-01E60D2F6747}.Release|Any CPU.ActiveCfg = Release|Any CPU
		{3606B8D8-0FBA-43F4-9227-01E60D2F6747}.Release|Any CPU.Build.0 = Release|Any CPU
		{86B650E5-6D4C-4B35-8687-4C4C268BE55C}.Debug|Any CPU.ActiveCfg = Debug|Any CPU
		{86B650E5-6D4C-4B35-8687-4C4C268BE55C}.Debug|Any CPU.Build.0 = Debug|Any CPU
		{86B650E5-6D4C-4B35-8687-4C4C268BE55C}.Release|Any CPU.ActiveCfg = Release|Any CPU
		{86B650E5-6D4C-4B35-8687-4C4C268BE55C}.Release|Any CPU.Build.0 = Release|Any CPU
		{1BB3FD10-9F42-4F1D-889A-79FB82F5FDBB}.Debug|Any CPU.ActiveCfg = Debug|Any CPU
		{1BB3FD10-9F42-4F1D-889A-79FB82F5FDBB}.Debug|Any CPU.Build.0 = Debug|Any CPU
		{1BB3FD10-9F42-4F1D-889A-79FB82F5FDBB}.Release|Any CPU.ActiveCfg = Release|Any CPU
		{1BB3FD10-9F42-4F1D-889A-79FB82F5FDBB}.Release|Any CPU.Build.0 = Release|Any CPU
		{2AC71E45-3249-48C3-AE3B-F303EB899675}.Debug|Any CPU.ActiveCfg = Debug|Any CPU
		{2AC71E45-3249-48C3-AE3B-F303EB899675}.Debug|Any CPU.Build.0 = Debug|Any CPU
		{2AC71E45-3249-48C3-AE3B-F303EB899675}.Release|Any CPU.ActiveCfg = Release|Any CPU
		{2AC71E45-3249-48C3-AE3B-F303EB899675}.Release|Any CPU.Build.0 = Release|Any CPU
		{B6D836CE-9743-4AFA-967A-B83B0269B806}.Debug|Any CPU.ActiveCfg = Debug|Any CPU
		{B6D836CE-9743-4AFA-967A-B83B0269B806}.Debug|Any CPU.Build.0 = Debug|Any CPU
		{B6D836CE-9743-4AFA-967A-B83B0269B806}.Release|Any CPU.ActiveCfg = Release|Any CPU
		{B6D836CE-9743-4AFA-967A-B83B0269B806}.Release|Any CPU.Build.0 = Release|Any CPU
		{A617EEA8-1C6C-4D42-ACE2-C720A8628E7C}.Debug|Any CPU.ActiveCfg = Debug|Any CPU
		{A617EEA8-1C6C-4D42-ACE2-C720A8628E7C}.Debug|Any CPU.Build.0 = Debug|Any CPU
		{A617EEA8-1C6C-4D42-ACE2-C720A8628E7C}.Release|Any CPU.ActiveCfg = Release|Any CPU
		{A617EEA8-1C6C-4D42-ACE2-C720A8628E7C}.Release|Any CPU.Build.0 = Release|Any CPU
		{C76B3DB1-CDF9-4CF9-A445-BB272279B0F1}.Debug|Any CPU.ActiveCfg = Debug|Any CPU
		{C76B3DB1-CDF9-4CF9-A445-BB272279B0F1}.Debug|Any CPU.Build.0 = Debug|Any CPU
		{C76B3DB1-CDF9-4CF9-A445-BB272279B0F1}.Release|Any CPU.ActiveCfg = Release|Any CPU
		{C76B3DB1-CDF9-4CF9-A445-BB272279B0F1}.Release|Any CPU.Build.0 = Release|Any CPU
		{3F3F0673-39D0-4356-8744-936A07A05844}.Debug|Any CPU.ActiveCfg = Debug|Any CPU
		{3F3F0673-39D0-4356-8744-936A07A05844}.Debug|Any CPU.Build.0 = Debug|Any CPU
		{3F3F0673-39D0-4356-8744-936A07A05844}.Release|Any CPU.ActiveCfg = Release|Any CPU
		{3F3F0673-39D0-4356-8744-936A07A05844}.Release|Any CPU.Build.0 = Release|Any CPU
		{586DF167-47B7-40CC-A133-74A74C2533E8}.Debug|Any CPU.ActiveCfg = Debug|Any CPU
		{586DF167-47B7-40CC-A133-74A74C2533E8}.Debug|Any CPU.Build.0 = Debug|Any CPU
		{586DF167-47B7-40CC-A133-74A74C2533E8}.Release|Any CPU.ActiveCfg = Release|Any CPU
		{586DF167-47B7-40CC-A133-74A74C2533E8}.Release|Any CPU.Build.0 = Release|Any CPU
		{50CABD78-9509-44AF-82E8-21709236C187}.Debug|Any CPU.ActiveCfg = Debug|Any CPU
		{50CABD78-9509-44AF-82E8-21709236C187}.Debug|Any CPU.Build.0 = Debug|Any CPU
		{50CABD78-9509-44AF-82E8-21709236C187}.Release|Any CPU.ActiveCfg = Release|Any CPU
		{50CABD78-9509-44AF-82E8-21709236C187}.Release|Any CPU.Build.0 = Release|Any CPU
		{AAA1A2D1-12B6-4A1F-8AE0-46ECE0BD4D89}.Debug|Any CPU.ActiveCfg = Debug|Any CPU
		{AAA1A2D1-12B6-4A1F-8AE0-46ECE0BD4D89}.Debug|Any CPU.Build.0 = Debug|Any CPU
		{AAA1A2D1-12B6-4A1F-8AE0-46ECE0BD4D89}.Release|Any CPU.ActiveCfg = Release|Any CPU
		{AAA1A2D1-12B6-4A1F-8AE0-46ECE0BD4D89}.Release|Any CPU.Build.0 = Release|Any CPU
		{1420C94D-4ECE-4A05-BBCE-0D2EAC8F675E}.Debug|Any CPU.ActiveCfg = Debug|Any CPU
		{1420C94D-4ECE-4A05-BBCE-0D2EAC8F675E}.Debug|Any CPU.Build.0 = Debug|Any CPU
		{1420C94D-4ECE-4A05-BBCE-0D2EAC8F675E}.Release|Any CPU.ActiveCfg = Release|Any CPU
		{1420C94D-4ECE-4A05-BBCE-0D2EAC8F675E}.Release|Any CPU.Build.0 = Release|Any CPU
		{B62BB163-9E25-40D5-BE5E-8D515E5BFE16}.Debug|Any CPU.ActiveCfg = Debug|Any CPU
		{B62BB163-9E25-40D5-BE5E-8D515E5BFE16}.Debug|Any CPU.Build.0 = Debug|Any CPU
		{B62BB163-9E25-40D5-BE5E-8D515E5BFE16}.Release|Any CPU.ActiveCfg = Release|Any CPU
		{B62BB163-9E25-40D5-BE5E-8D515E5BFE16}.Release|Any CPU.Build.0 = Release|Any CPU
		{0618A2B6-E40B-4087-9E6C-411ECD10EC94}.Debug|Any CPU.ActiveCfg = Debug|Any CPU
		{0618A2B6-E40B-4087-9E6C-411ECD10EC94}.Debug|Any CPU.Build.0 = Debug|Any CPU
		{0618A2B6-E40B-4087-9E6C-411ECD10EC94}.Release|Any CPU.ActiveCfg = Release|Any CPU
		{0618A2B6-E40B-4087-9E6C-411ECD10EC94}.Release|Any CPU.Build.0 = Release|Any CPU
		{6FEEC4BA-D97C-42F8-8F5F-2379A23E0AA5}.Debug|Any CPU.ActiveCfg = Debug|Any CPU
		{6FEEC4BA-D97C-42F8-8F5F-2379A23E0AA5}.Debug|Any CPU.Build.0 = Debug|Any CPU
		{6FEEC4BA-D97C-42F8-8F5F-2379A23E0AA5}.Release|Any CPU.ActiveCfg = Release|Any CPU
		{6FEEC4BA-D97C-42F8-8F5F-2379A23E0AA5}.Release|Any CPU.Build.0 = Release|Any CPU
		{BD18821B-E798-49FE-8AC0-FA04F27A0FC5}.Debug|Any CPU.ActiveCfg = Debug|Any CPU
		{BD18821B-E798-49FE-8AC0-FA04F27A0FC5}.Debug|Any CPU.Build.0 = Debug|Any CPU
		{BD18821B-E798-49FE-8AC0-FA04F27A0FC5}.Release|Any CPU.ActiveCfg = Release|Any CPU
		{BD18821B-E798-49FE-8AC0-FA04F27A0FC5}.Release|Any CPU.Build.0 = Release|Any CPU
		{0BD488A3-8157-492A-82CA-86C0938443EC}.Debug|Any CPU.ActiveCfg = Debug|Any CPU
		{0BD488A3-8157-492A-82CA-86C0938443EC}.Debug|Any CPU.Build.0 = Debug|Any CPU
		{0BD488A3-8157-492A-82CA-86C0938443EC}.Release|Any CPU.ActiveCfg = Release|Any CPU
		{0BD488A3-8157-492A-82CA-86C0938443EC}.Release|Any CPU.Build.0 = Release|Any CPU
		{A8A83048-A9B2-49AF-8D19-0F8DF6984357}.Debug|Any CPU.ActiveCfg = Debug|Any CPU
		{A8A83048-A9B2-49AF-8D19-0F8DF6984357}.Debug|Any CPU.Build.0 = Debug|Any CPU
		{A8A83048-A9B2-49AF-8D19-0F8DF6984357}.Release|Any CPU.ActiveCfg = Release|Any CPU
		{A8A83048-A9B2-49AF-8D19-0F8DF6984357}.Release|Any CPU.Build.0 = Release|Any CPU
		{F254B181-1621-4071-9764-BC07E500F502}.Debug|Any CPU.ActiveCfg = Debug|Any CPU
		{F254B181-1621-4071-9764-BC07E500F502}.Debug|Any CPU.Build.0 = Debug|Any CPU
		{F254B181-1621-4071-9764-BC07E500F502}.Release|Any CPU.ActiveCfg = Release|Any CPU
		{F254B181-1621-4071-9764-BC07E500F502}.Release|Any CPU.Build.0 = Release|Any CPU
		{D249D5F8-25C1-4D93-AD7A-B85757D43737}.Debug|Any CPU.ActiveCfg = Debug|Any CPU
		{D249D5F8-25C1-4D93-AD7A-B85757D43737}.Debug|Any CPU.Build.0 = Debug|Any CPU
		{D249D5F8-25C1-4D93-AD7A-B85757D43737}.Release|Any CPU.ActiveCfg = Release|Any CPU
		{D249D5F8-25C1-4D93-AD7A-B85757D43737}.Release|Any CPU.Build.0 = Release|Any CPU
		{04550189-5D0E-46BE-B6F8-D8AC82A044BC}.Debug|Any CPU.ActiveCfg = Debug|Any CPU
		{04550189-5D0E-46BE-B6F8-D8AC82A044BC}.Debug|Any CPU.Build.0 = Debug|Any CPU
		{04550189-5D0E-46BE-B6F8-D8AC82A044BC}.Release|Any CPU.ActiveCfg = Release|Any CPU
		{04550189-5D0E-46BE-B6F8-D8AC82A044BC}.Release|Any CPU.Build.0 = Release|Any CPU
		{193D2543-B978-4DD5-A3F8-CBE6EE386F2A}.Debug|Any CPU.ActiveCfg = Debug|Any CPU
		{193D2543-B978-4DD5-A3F8-CBE6EE386F2A}.Debug|Any CPU.Build.0 = Debug|Any CPU
		{193D2543-B978-4DD5-A3F8-CBE6EE386F2A}.Release|Any CPU.ActiveCfg = Release|Any CPU
		{193D2543-B978-4DD5-A3F8-CBE6EE386F2A}.Release|Any CPU.Build.0 = Release|Any CPU
		{ACA05FA8-DC72-4034-B8C8-500CC682611F}.Debug|Any CPU.ActiveCfg = Debug|Any CPU
		{ACA05FA8-DC72-4034-B8C8-500CC682611F}.Debug|Any CPU.Build.0 = Debug|Any CPU
		{ACA05FA8-DC72-4034-B8C8-500CC682611F}.Release|Any CPU.ActiveCfg = Release|Any CPU
		{ACA05FA8-DC72-4034-B8C8-500CC682611F}.Release|Any CPU.Build.0 = Release|Any CPU
		{5B7215EA-97F4-403E-AF9E-82BDE2A0604C}.Debug|Any CPU.ActiveCfg = Debug|Any CPU
		{5B7215EA-97F4-403E-AF9E-82BDE2A0604C}.Debug|Any CPU.Build.0 = Debug|Any CPU
		{5B7215EA-97F4-403E-AF9E-82BDE2A0604C}.Release|Any CPU.ActiveCfg = Release|Any CPU
		{5B7215EA-97F4-403E-AF9E-82BDE2A0604C}.Release|Any CPU.Build.0 = Release|Any CPU
		{24D57FD7-F4E1-49DE-915C-2A044CCFBC48}.Debug|Any CPU.ActiveCfg = Debug|Any CPU
		{24D57FD7-F4E1-49DE-915C-2A044CCFBC48}.Debug|Any CPU.Build.0 = Debug|Any CPU
		{24D57FD7-F4E1-49DE-915C-2A044CCFBC48}.Release|Any CPU.ActiveCfg = Release|Any CPU
		{24D57FD7-F4E1-49DE-915C-2A044CCFBC48}.Release|Any CPU.Build.0 = Release|Any CPU
		{158B1B18-D265-4F1E-B79E-45B2C3D9B3CA}.Debug|Any CPU.ActiveCfg = Debug|Any CPU
		{158B1B18-D265-4F1E-B79E-45B2C3D9B3CA}.Debug|Any CPU.Build.0 = Debug|Any CPU
		{158B1B18-D265-4F1E-B79E-45B2C3D9B3CA}.Release|Any CPU.ActiveCfg = Release|Any CPU
		{158B1B18-D265-4F1E-B79E-45B2C3D9B3CA}.Release|Any CPU.Build.0 = Release|Any CPU
		{5875AE76-5196-4E20-824F-A2ACFF6C6105}.Debug|Any CPU.ActiveCfg = Debug|Any CPU
		{5875AE76-5196-4E20-824F-A2ACFF6C6105}.Debug|Any CPU.Build.0 = Debug|Any CPU
		{5875AE76-5196-4E20-824F-A2ACFF6C6105}.Release|Any CPU.ActiveCfg = Release|Any CPU
		{5875AE76-5196-4E20-824F-A2ACFF6C6105}.Release|Any CPU.Build.0 = Release|Any CPU
		{5FBDF9BE-9C99-48EA-ABFD-D34341318547}.Debug|Any CPU.ActiveCfg = Debug|Any CPU
		{5FBDF9BE-9C99-48EA-ABFD-D34341318547}.Debug|Any CPU.Build.0 = Debug|Any CPU
		{5FBDF9BE-9C99-48EA-ABFD-D34341318547}.Release|Any CPU.ActiveCfg = Release|Any CPU
		{5FBDF9BE-9C99-48EA-ABFD-D34341318547}.Release|Any CPU.Build.0 = Release|Any CPU
		{718817F2-2AE6-4B60-AD39-4305A141FDE9}.Debug|Any CPU.ActiveCfg = Debug|Any CPU
		{718817F2-2AE6-4B60-AD39-4305A141FDE9}.Debug|Any CPU.Build.0 = Debug|Any CPU
		{718817F2-2AE6-4B60-AD39-4305A141FDE9}.Release|Any CPU.ActiveCfg = Release|Any CPU
		{718817F2-2AE6-4B60-AD39-4305A141FDE9}.Release|Any CPU.Build.0 = Release|Any CPU
		{AE2124BC-A2A5-47A4-92C5-88115B8F714B}.Debug|Any CPU.ActiveCfg = Debug|Any CPU
		{AE2124BC-A2A5-47A4-92C5-88115B8F714B}.Debug|Any CPU.Build.0 = Debug|Any CPU
		{AE2124BC-A2A5-47A4-92C5-88115B8F714B}.Release|Any CPU.ActiveCfg = Release|Any CPU
		{AE2124BC-A2A5-47A4-92C5-88115B8F714B}.Release|Any CPU.Build.0 = Release|Any CPU
		{04897621-13EE-4493-BF98-651FE928F2D4}.Debug|Any CPU.ActiveCfg = Debug|Any CPU
		{04897621-13EE-4493-BF98-651FE928F2D4}.Debug|Any CPU.Build.0 = Debug|Any CPU
		{04897621-13EE-4493-BF98-651FE928F2D4}.Release|Any CPU.ActiveCfg = Release|Any CPU
		{04897621-13EE-4493-BF98-651FE928F2D4}.Release|Any CPU.Build.0 = Release|Any CPU
	EndGlobalSection
	GlobalSection(SolutionProperties) = preSolution
		HideSolutionNode = FALSE
	EndGlobalSection
	GlobalSection(NestedProjects) = preSolution
		{CA3D86CB-C97F-4AD1-AAF1-C3A4E009019E} = {37CE5D0E-7666-409A-8342-7634CADC3570}
		{69A9CFD3-DABA-45D6-8EAD-9E829279B27D} = {3FDB3E18-D8E8-4B6C-9611-C7A47CE5E321}
		{CE076574-C0C5-41D8-9A18-9BC80FD28066} = {CA3D86CB-C97F-4AD1-AAF1-C3A4E009019E}
		{513A762A-1897-4714-B748-BCFC7992B4F2} = {37CE5D0E-7666-409A-8342-7634CADC3570}
		{B401050D-E69B-4E66-BA5B-91FB5A946784} = {C989496A-C32F-45D0-A161-5AFAA1A3356B}
		{885028E7-B037-4408-9959-978639BBB00E} = {3FDB3E18-D8E8-4B6C-9611-C7A47CE5E321}
		{2811AF18-014F-4D3A-AA91-6AFB13F53A9A} = {69A9CFD3-DABA-45D6-8EAD-9E829279B27D}
		{A502E803-43F9-4B23-BEA9-E469299458E2} = {3FDB3E18-D8E8-4B6C-9611-C7A47CE5E321}
		{A214B1AC-A8FF-4CF1-B951-329557BCA980} = {A502E803-43F9-4B23-BEA9-E469299458E2}
		{C989496A-C32F-45D0-A161-5AFAA1A3356B} = {37CE5D0E-7666-409A-8342-7634CADC3570}
		{31F2D606-323E-43A8-B95F-A7B346B64D02} = {37CE5D0E-7666-409A-8342-7634CADC3570}
		{03E612BB-E63C-4BC8-9F3F-4C79F4449725} = {31F2D606-323E-43A8-B95F-A7B346B64D02}
		{C6DB1280-DAE1-4A06-8941-CF58D6983D23} = {BBE84A1F-E378-4E7F-8538-6BF773A49DE5}
		{D3E344FB-8174-4889-9BAA-18529C6D0486} = {3FDB3E18-D8E8-4B6C-9611-C7A47CE5E321}
		{67C77F24-8244-4903-8CC5-01549E12DFBF} = {D3E344FB-8174-4889-9BAA-18529C6D0486}
		{74CF6593-2629-4303-A881-03D61B249176} = {3FDB3E18-D8E8-4B6C-9611-C7A47CE5E321}
		{AFA3B34A-0A72-4049-BAFA-B784FB722839} = {57751B14-F2F2-43F6-9E83-7E7245FDF081}
		{F30C0CC5-B760-4EE0-9603-FCE8FF5206BC} = {57751B14-F2F2-43F6-9E83-7E7245FDF081}
		{20F0A03B-1D39-4EC5-8BF9-B5D11FC95939} = {3FDB3E18-D8E8-4B6C-9611-C7A47CE5E321}
		{FDE47477-16B9-49C6-8D4F-8918D8BFA7B0} = {20F0A03B-1D39-4EC5-8BF9-B5D11FC95939}
		{2C275C9C-3596-45BC-8D0C-C97D69403791} = {FBA827F4-7E04-40C2-B8D1-2D7964D2D5EE}
		{B5F7C518-EF35-40F5-82BF-22DB4ACC9E9D} = {2C275C9C-3596-45BC-8D0C-C97D69403791}
		{37DE7F92-5446-4200-87A6-43C36D1C1650} = {57751B14-F2F2-43F6-9E83-7E7245FDF081}
		{264F6C9C-546B-4D21-829A-D818658D7D52} = {3FDB3E18-D8E8-4B6C-9611-C7A47CE5E321}
		{02BB5DE6-1886-429B-87C4-EBACDAE1D1A1} = {3FDB3E18-D8E8-4B6C-9611-C7A47CE5E321}
		{E8FDA6EC-46BF-4915-8BBE-DE8EF38B11F0} = {02BB5DE6-1886-429B-87C4-EBACDAE1D1A1}
		{59B48553-2829-4BB0-83AA-860C8EDC9F68} = {57751B14-F2F2-43F6-9E83-7E7245FDF081}
		{B4016C34-1643-46EE-A87F-ABF084303EAF} = {FBA827F4-7E04-40C2-B8D1-2D7964D2D5EE}
		{8671DE05-A89C-44CF-B606-5B319430F0E8} = {FBA827F4-7E04-40C2-B8D1-2D7964D2D5EE}
		{FCE1C130-82BB-4D49-9EAB-516B2FC5497D} = {FBA827F4-7E04-40C2-B8D1-2D7964D2D5EE}
		{4F701287-4B9A-4720-B577-29ECBFFB3E8A} = {FBA827F4-7E04-40C2-B8D1-2D7964D2D5EE}
		{F26359E9-2013-44D7-8569-E5533DEC9BA4} = {B4016C34-1643-46EE-A87F-ABF084303EAF}
		{385C7F8E-7318-4CB8-9DF6-B61D49805C4E} = {8671DE05-A89C-44CF-B606-5B319430F0E8}
		{00BAAA1A-D082-4822-981C-D8AD6E8EEB59} = {FCE1C130-82BB-4D49-9EAB-516B2FC5497D}
		{3606B8D8-0FBA-43F4-9227-01E60D2F6747} = {2C275C9C-3596-45BC-8D0C-C97D69403791}
		{86B650E5-6D4C-4B35-8687-4C4C268BE55C} = {02BB5DE6-1886-429B-87C4-EBACDAE1D1A1}
		{1BB3FD10-9F42-4F1D-889A-79FB82F5FDBB} = {74CF6593-2629-4303-A881-03D61B249176}
		{2AC71E45-3249-48C3-AE3B-F303EB899675} = {4F701287-4B9A-4720-B577-29ECBFFB3E8A}
		{EDE3C2EA-9294-4D45-A4C1-B8F595C9ACB4} = {FBA827F4-7E04-40C2-B8D1-2D7964D2D5EE}
		{B6D836CE-9743-4AFA-967A-B83B0269B806} = {EDE3C2EA-9294-4D45-A4C1-B8F595C9ACB4}
		{A617EEA8-1C6C-4D42-ACE2-C720A8628E7C} = {2C275C9C-3596-45BC-8D0C-C97D69403791}
		{C76B3DB1-CDF9-4CF9-A445-BB272279B0F1} = {57751B14-F2F2-43F6-9E83-7E7245FDF081}
		{C7C67878-EE19-4954-B2B8-1A1CC69C1B0A} = {FBA827F4-7E04-40C2-B8D1-2D7964D2D5EE}
		{3F3F0673-39D0-4356-8744-936A07A05844} = {C7C67878-EE19-4954-B2B8-1A1CC69C1B0A}
		{586DF167-47B7-40CC-A133-74A74C2533E8} = {02BB5DE6-1886-429B-87C4-EBACDAE1D1A1}
		{50CABD78-9509-44AF-82E8-21709236C187} = {C7C67878-EE19-4954-B2B8-1A1CC69C1B0A}
		{AAA1A2D1-12B6-4A1F-8AE0-46ECE0BD4D89} = {57751B14-F2F2-43F6-9E83-7E7245FDF081}
		{1420C94D-4ECE-4A05-BBCE-0D2EAC8F675E} = {4F701287-4B9A-4720-B577-29ECBFFB3E8A}
		{B62BB163-9E25-40D5-BE5E-8D515E5BFE16} = {57751B14-F2F2-43F6-9E83-7E7245FDF081}
		{0618A2B6-E40B-4087-9E6C-411ECD10EC94} = {A502E803-43F9-4B23-BEA9-E469299458E2}
		{57751B14-F2F2-43F6-9E83-7E7245FDF081} = {3FDB3E18-D8E8-4B6C-9611-C7A47CE5E321}
		{6FEEC4BA-D97C-42F8-8F5F-2379A23E0AA5} = {74CF6593-2629-4303-A881-03D61B249176}
		{0434B631-7C9C-4A1B-8F2D-525CFBB7B859} = {FBA827F4-7E04-40C2-B8D1-2D7964D2D5EE}
		{A7D6F9A3-F9D1-432D-A23D-0E437C7630D1} = {3FDB3E18-D8E8-4B6C-9611-C7A47CE5E321}
		{BD18821B-E798-49FE-8AC0-FA04F27A0FC5} = {A7D6F9A3-F9D1-432D-A23D-0E437C7630D1}
		{0BD488A3-8157-492A-82CA-86C0938443EC} = {A502E803-43F9-4B23-BEA9-E469299458E2}
		{A8A83048-A9B2-49AF-8D19-0F8DF6984357} = {2C275C9C-3596-45BC-8D0C-C97D69403791}
		{F254B181-1621-4071-9764-BC07E500F502} = {C7C67878-EE19-4954-B2B8-1A1CC69C1B0A}
		{D249D5F8-25C1-4D93-AD7A-B85757D43737} = {B4016C34-1643-46EE-A87F-ABF084303EAF}
		{04550189-5D0E-46BE-B6F8-D8AC82A044BC} = {B4016C34-1643-46EE-A87F-ABF084303EAF}
		{57CDDE1E-C338-4E99-BCAC-3D4D19CB5C13} = {3FDB3E18-D8E8-4B6C-9611-C7A47CE5E321}
		{193D2543-B978-4DD5-A3F8-CBE6EE386F2A} = {57751B14-F2F2-43F6-9E83-7E7245FDF081}
		{ACA05FA8-DC72-4034-B8C8-500CC682611F} = {57CDDE1E-C338-4E99-BCAC-3D4D19CB5C13}
		{5B7215EA-97F4-403E-AF9E-82BDE2A0604C} = {20F0A03B-1D39-4EC5-8BF9-B5D11FC95939}
		{36081E95-AB41-4FC1-B8AF-46D636AC6767} = {3FDB3E18-D8E8-4B6C-9611-C7A47CE5E321}
		{24D57FD7-F4E1-49DE-915C-2A044CCFBC48} = {36081E95-AB41-4FC1-B8AF-46D636AC6767}
		{158B1B18-D265-4F1E-B79E-45B2C3D9B3CA} = {C7C67878-EE19-4954-B2B8-1A1CC69C1B0A}
		{5875AE76-5196-4E20-824F-A2ACFF6C6105} = {2C275C9C-3596-45BC-8D0C-C97D69403791}
		{5FBDF9BE-9C99-48EA-ABFD-D34341318547} = {C7C67878-EE19-4954-B2B8-1A1CC69C1B0A}
		{718817F2-2AE6-4B60-AD39-4305A141FDE9} = {2C275C9C-3596-45BC-8D0C-C97D69403791}
		{AE2124BC-A2A5-47A4-92C5-88115B8F714B} = {C7C67878-EE19-4954-B2B8-1A1CC69C1B0A}
		{04897621-13EE-4493-BF98-651FE928F2D4} = {20F0A03B-1D39-4EC5-8BF9-B5D11FC95939}
		{12F6AE5C-5227-4BB1-89E6-766085F01464} = {BCBA90A6-69D7-4EFA-9831-64E8EAA8FB41}
	EndGlobalSection
	GlobalSection(ExtensibilityGlobals) = postSolution
		SolutionGuid = {4D281A3A-F959-47F5-BD83-4A90544B6979}
	EndGlobalSection
EndGlobal
